
Microsoft Visual Studio Solution File, Format Version 12.00
# Visual Studio Version 16
VisualStudioVersion = 16.0.31112.23
MinimumVisualStudioVersion = 10.0.40219.1
Project("{FAE04EC0-301F-11D3-BF4B-00C04F79EFBC}") = "13CrudSQL", "13CrudSQL\13CrudSQL.csproj", "{EBA2D105-1748-4F3C-BF0B-708B8133374E}"
EndProject
Global
	GlobalSection(SolutionConfigurationPlatforms) = preSolution
		Debug|Any CPU = Debug|Any CPU
		Release|Any CPU = Release|Any CPU
	EndGlobalSection
	GlobalSection(ProjectConfigurationPlatforms) = postSolution
		{EBA2D105-1748-4F3C-BF0B-708B8133374E}.Debug|Any CPU.ActiveCfg = Debug|Any CPU
		{EBA2D105-1748-4F3C-BF0B-708B8133374E}.Debug|Any CPU.Build.0 = Debug|Any CPU
		{EBA2D105-1748-4F3C-BF0B-708B8133374E}.Release|Any CPU.ActiveCfg = Release|Any CPU
		{EBA2D105-1748-4F3C-BF0B-708B8133374E}.Release|Any CPU.Build.0 = Release|Any CPU
	EndGlobalSection
	GlobalSection(SolutionProperties) = preSolution
		HideSolutionNode = FALSE
	EndGlobalSection
	GlobalSection(ExtensibilityGlobals) = postSolution
		SolutionGuid = {DB41E828-09E2-4ECC-B126-343D40E8A090}
	EndGlobalSection
EndGlobal
