
Microsoft Visual Studio Solution File, Format Version 12.00
# Visual Studio Version 16
VisualStudioVersion = 16.0.31410.357
MinimumVisualStudioVersion = 10.0.40219.1
Project("{FAE04EC0-301F-11D3-BF4B-00C04F79EFBC}") = "021 SubirImagenesADatabase", "021 SubirImagenesADatabase\021 SubirImagenesADatabase.csproj", "{5B2CE074-CB75-466B-879B-990F0BE799D4}"
EndProject
Global
	GlobalSection(SolutionConfigurationPlatforms) = preSolution
		Debug|Any CPU = Debug|Any CPU
		Release|Any CPU = Release|Any CPU
	EndGlobalSection
	GlobalSection(ProjectConfigurationPlatforms) = postSolution
		{5B2CE074-CB75-466B-879B-990F0BE799D4}.Debug|Any CPU.ActiveCfg = Debug|Any CPU
		{5B2CE074-CB75-466B-879B-990F0BE799D4}.Debug|Any CPU.Build.0 = Debug|Any CPU
		{5B2CE074-CB75-466B-879B-990F0BE799D4}.Release|Any CPU.ActiveCfg = Release|Any CPU
		{5B2CE074-CB75-466B-879B-990F0BE799D4}.Release|Any CPU.Build.0 = Release|Any CPU
	EndGlobalSection
	GlobalSection(SolutionProperties) = preSolution
		HideSolutionNode = FALSE
	EndGlobalSection
	GlobalSection(ExtensibilityGlobals) = postSolution
		SolutionGuid = {C454225C-C26D-4DE3-9347-2462EC924C06}
	EndGlobalSection
EndGlobal
