
Microsoft Visual Studio Solution File, Format Version 12.00
# Visual Studio Version 16
VisualStudioVersion = 16.0.31025.194
MinimumVisualStudioVersion = 10.0.40219.1
Project("{FAE04EC0-301F-11D3-BF4B-00C04F79EFBC}") = "008 CRUDSQL", "008 CRUDSQL\008 CRUDSQL.csproj", "{A278716C-C375-417C-888E-67638D97B010}"
EndProject
Global
	GlobalSection(SolutionConfigurationPlatforms) = preSolution
		Debug|Any CPU = Debug|Any CPU
		Release|Any CPU = Release|Any CPU
	EndGlobalSection
	GlobalSection(ProjectConfigurationPlatforms) = postSolution
		{A278716C-C375-417C-888E-67638D97B010}.Debug|Any CPU.ActiveCfg = Debug|Any CPU
		{A278716C-C375-417C-888E-67638D97B010}.Debug|Any CPU.Build.0 = Debug|Any CPU
		{A278716C-C375-417C-888E-67638D97B010}.Release|Any CPU.ActiveCfg = Release|Any CPU
		{A278716C-C375-417C-888E-67638D97B010}.Release|Any CPU.Build.0 = Release|Any CPU
	EndGlobalSection
	GlobalSection(SolutionProperties) = preSolution
		HideSolutionNode = FALSE
	EndGlobalSection
	GlobalSection(ExtensibilityGlobals) = postSolution
		SolutionGuid = {65EB5BB8-C42B-480D-9F58-AB85010473BD}
	EndGlobalSection
EndGlobal
