
Microsoft Visual Studio Solution File, Format Version 12.00
# Visual Studio Version 16
VisualStudioVersion = 16.0.31129.286
MinimumVisualStudioVersion = 10.0.40219.1
Project("{FAE04EC0-301F-11D3-BF4B-00C04F79EFBC}") = "016 CrudRepasaso", "016 CrudRepasaso\016 CrudRepasaso.csproj", "{DCC47A2A-BD3C-431A-9688-B924BC052619}"
EndProject
Global
	GlobalSection(SolutionConfigurationPlatforms) = preSolution
		Debug|Any CPU = Debug|Any CPU
		Release|Any CPU = Release|Any CPU
	EndGlobalSection
	GlobalSection(ProjectConfigurationPlatforms) = postSolution
		{DCC47A2A-BD3C-431A-9688-B924BC052619}.Debug|Any CPU.ActiveCfg = Debug|Any CPU
		{DCC47A2A-BD3C-431A-9688-B924BC052619}.Debug|Any CPU.Build.0 = Debug|Any CPU
		{DCC47A2A-BD3C-431A-9688-B924BC052619}.Release|Any CPU.ActiveCfg = Release|Any CPU
		{DCC47A2A-BD3C-431A-9688-B924BC052619}.Release|Any CPU.Build.0 = Release|Any CPU
	EndGlobalSection
	GlobalSection(SolutionProperties) = preSolution
		HideSolutionNode = FALSE
	EndGlobalSection
	GlobalSection(ExtensibilityGlobals) = postSolution
		SolutionGuid = {FB72395B-38F2-477C-87B2-AA0175791F6A}
	EndGlobalSection
EndGlobal
