
Microsoft Visual Studio Solution File, Format Version 12.00
# Visual Studio Version 16
VisualStudioVersion = 16.0.31105.61
MinimumVisualStudioVersion = 10.0.40219.1
Project("{FAE04EC0-301F-11D3-BF4B-00C04F79EFBC}") = "012 CrudTienda", "012 CrudTienda\012 CrudTienda.csproj", "{D3E887BF-0CD6-40FB-BB34-6F4B5701F7DC}"
EndProject
Global
	GlobalSection(SolutionConfigurationPlatforms) = preSolution
		Debug|Any CPU = Debug|Any CPU
		Release|Any CPU = Release|Any CPU
	EndGlobalSection
	GlobalSection(ProjectConfigurationPlatforms) = postSolution
		{D3E887BF-0CD6-40FB-BB34-6F4B5701F7DC}.Debug|Any CPU.ActiveCfg = Debug|Any CPU
		{D3E887BF-0CD6-40FB-BB34-6F4B5701F7DC}.Debug|Any CPU.Build.0 = Debug|Any CPU
		{D3E887BF-0CD6-40FB-BB34-6F4B5701F7DC}.Release|Any CPU.ActiveCfg = Release|Any CPU
		{D3E887BF-0CD6-40FB-BB34-6F4B5701F7DC}.Release|Any CPU.Build.0 = Release|Any CPU
	EndGlobalSection
	GlobalSection(SolutionProperties) = preSolution
		HideSolutionNode = FALSE
	EndGlobalSection
	GlobalSection(ExtensibilityGlobals) = postSolution
		SolutionGuid = {857D9FA0-37EE-4276-89F8-8F8575EBC7A8}
	EndGlobalSection
EndGlobal
