
Microsoft Visual Studio Solution File, Format Version 12.00
# Visual Studio Version 16
VisualStudioVersion = 16.0.31019.35
MinimumVisualStudioVersion = 10.0.40219.1
Project("{FAE04EC0-301F-11D3-BF4B-00C04F79EFBC}") = "005 VentaDeProductosEntity", "005 VentaDeProductosEntity.csproj", "{34581322-BC01-465F-827C-9F3107616485}"
EndProject
Global
	GlobalSection(SolutionConfigurationPlatforms) = preSolution
		Debug|Any CPU = Debug|Any CPU
		Release|Any CPU = Release|Any CPU
	EndGlobalSection
	GlobalSection(ProjectConfigurationPlatforms) = postSolution
		{34581322-BC01-465F-827C-9F3107616485}.Debug|Any CPU.ActiveCfg = Debug|Any CPU
		{34581322-BC01-465F-827C-9F3107616485}.Debug|Any CPU.Build.0 = Debug|Any CPU
		{34581322-BC01-465F-827C-9F3107616485}.Release|Any CPU.ActiveCfg = Release|Any CPU
		{34581322-BC01-465F-827C-9F3107616485}.Release|Any CPU.Build.0 = Release|Any CPU
	EndGlobalSection
	GlobalSection(SolutionProperties) = preSolution
		HideSolutionNode = FALSE
	EndGlobalSection
	GlobalSection(ExtensibilityGlobals) = postSolution
		SolutionGuid = {491C5B19-A605-4B71-866F-66BD8E9D2B62}
	EndGlobalSection
EndGlobal
