
Microsoft Visual Studio Solution File, Format Version 12.00
# Visual Studio Version 16
VisualStudioVersion = 16.0.31129.286
MinimumVisualStudioVersion = 10.0.40219.1
Project("{FAE04EC0-301F-11D3-BF4B-00C04F79EFBC}") = "018 CrudWfvValidado", "018 CrudWfvValidado\018 CrudWfvValidado.csproj", "{F15F6647-A4EB-4941-9AA7-D0F90339DE6C}"
EndProject
Global
	GlobalSection(SolutionConfigurationPlatforms) = preSolution
		Debug|Any CPU = Debug|Any CPU
		Release|Any CPU = Release|Any CPU
	EndGlobalSection
	GlobalSection(ProjectConfigurationPlatforms) = postSolution
		{F15F6647-A4EB-4941-9AA7-D0F90339DE6C}.Debug|Any CPU.ActiveCfg = Debug|Any CPU
		{F15F6647-A4EB-4941-9AA7-D0F90339DE6C}.Debug|Any CPU.Build.0 = Debug|Any CPU
		{F15F6647-A4EB-4941-9AA7-D0F90339DE6C}.Release|Any CPU.ActiveCfg = Release|Any CPU
		{F15F6647-A4EB-4941-9AA7-D0F90339DE6C}.Release|Any CPU.Build.0 = Release|Any CPU
	EndGlobalSection
	GlobalSection(SolutionProperties) = preSolution
		HideSolutionNode = FALSE
	EndGlobalSection
	GlobalSection(ExtensibilityGlobals) = postSolution
		SolutionGuid = {F3B3DBE5-EE51-4856-B090-6892FF243CF8}
	EndGlobalSection
EndGlobal
